
Microsoft Visual Studio Solution File, Format Version 12.00
# Visual Studio 15
VisualStudioVersion = 15.0.27130.2027
MinimumVisualStudioVersion = 10.0.40219.1
Project("{FAE04EC0-301F-11D3-BF4B-00C04F79EFBC}") = "FirstApp1.Android", "FirstApp1\FirstApp1.Android\FirstApp1.Android.csproj", "{6B7D3C7D-8E34-4474-9997-B80D59CA611F}"
EndProject
Project("{FAE04EC0-301F-11D3-BF4B-00C04F79EFBC}") = "FirstApp1.iOS", "FirstApp1\FirstApp1.iOS\FirstApp1.iOS.csproj", "{B70D61CA-B544-433C-9B2C-57D46DF1B907}"
EndProject
Project("{FAE04EC0-301F-11D3-BF4B-00C04F79EFBC}") = "FirstApp1.UWP", "FirstApp1\FirstApp1.UWP\FirstApp1.UWP.csproj", "{C4F49005-E2AA-4558-B29C-EBDE0316D04A}"
EndProject
Project("{FAE04EC0-301F-11D3-BF4B-00C04F79EFBC}") = "FirstApp1", "FirstApp1\FirstApp1\FirstApp1.csproj", "{6C8D462C-FA78-40E0-A5EB-4D4D6F625163}"
EndProject
Global
	GlobalSection(SolutionConfigurationPlatforms) = preSolution
		Ad-Hoc|Any CPU = Ad-Hoc|Any CPU
		Ad-Hoc|ARM = Ad-Hoc|ARM
		Ad-Hoc|iPhone = Ad-Hoc|iPhone
		Ad-Hoc|iPhoneSimulator = Ad-Hoc|iPhoneSimulator
		Ad-Hoc|x64 = Ad-Hoc|x64
		Ad-Hoc|x86 = Ad-Hoc|x86
		AppStore|Any CPU = AppStore|Any CPU
		AppStore|ARM = AppStore|ARM
		AppStore|iPhone = AppStore|iPhone
		AppStore|iPhoneSimulator = AppStore|iPhoneSimulator
		AppStore|x64 = AppStore|x64
		AppStore|x86 = AppStore|x86
		Debug|Any CPU = Debug|Any CPU
		Debug|ARM = Debug|ARM
		Debug|iPhone = Debug|iPhone
		Debug|iPhoneSimulator = Debug|iPhoneSimulator
		Debug|x64 = Debug|x64
		Debug|x86 = Debug|x86
		Release|Any CPU = Release|Any CPU
		Release|ARM = Release|ARM
		Release|iPhone = Release|iPhone
		Release|iPhoneSimulator = Release|iPhoneSimulator
		Release|x64 = Release|x64
		Release|x86 = Release|x86
	EndGlobalSection
	GlobalSection(ProjectConfigurationPlatforms) = postSolution
		{6B7D3C7D-8E34-4474-9997-B80D59CA611F}.Ad-Hoc|Any CPU.ActiveCfg = Release|Any CPU
		{6B7D3C7D-8E34-4474-9997-B80D59CA611F}.Ad-Hoc|Any CPU.Build.0 = Release|Any CPU
		{6B7D3C7D-8E34-4474-9997-B80D59CA611F}.Ad-Hoc|Any CPU.Deploy.0 = Release|Any CPU
		{6B7D3C7D-8E34-4474-9997-B80D59CA611F}.Ad-Hoc|ARM.ActiveCfg = Release|Any CPU
		{6B7D3C7D-8E34-4474-9997-B80D59CA611F}.Ad-Hoc|ARM.Build.0 = Release|Any CPU
		{6B7D3C7D-8E34-4474-9997-B80D59CA611F}.Ad-Hoc|ARM.Deploy.0 = Release|Any CPU
		{6B7D3C7D-8E34-4474-9997-B80D59CA611F}.Ad-Hoc|iPhone.ActiveCfg = Release|Any CPU
		{6B7D3C7D-8E34-4474-9997-B80D59CA611F}.Ad-Hoc|iPhone.Build.0 = Release|Any CPU
		{6B7D3C7D-8E34-4474-9997-B80D59CA611F}.Ad-Hoc|iPhone.Deploy.0 = Release|Any CPU
		{6B7D3C7D-8E34-4474-9997-B80D59CA611F}.Ad-Hoc|iPhoneSimulator.ActiveCfg = Release|Any CPU
		{6B7D3C7D-8E34-4474-9997-B80D59CA611F}.Ad-Hoc|iPhoneSimulator.Build.0 = Release|Any CPU
		{6B7D3C7D-8E34-4474-9997-B80D59CA611F}.Ad-Hoc|iPhoneSimulator.Deploy.0 = Release|Any CPU
		{6B7D3C7D-8E34-4474-9997-B80D59CA611F}.Ad-Hoc|x64.ActiveCfg = Release|Any CPU
		{6B7D3C7D-8E34-4474-9997-B80D59CA611F}.Ad-Hoc|x64.Build.0 = Release|Any CPU
		{6B7D3C7D-8E34-4474-9997-B80D59CA611F}.Ad-Hoc|x64.Deploy.0 = Release|Any CPU
		{6B7D3C7D-8E34-4474-9997-B80D59CA611F}.Ad-Hoc|x86.ActiveCfg = Release|Any CPU
		{6B7D3C7D-8E34-4474-9997-B80D59CA611F}.Ad-Hoc|x86.Build.0 = Release|Any CPU
		{6B7D3C7D-8E34-4474-9997-B80D59CA611F}.Ad-Hoc|x86.Deploy.0 = Release|Any CPU
		{6B7D3C7D-8E34-4474-9997-B80D59CA611F}.AppStore|Any CPU.ActiveCfg = Release|Any CPU
		{6B7D3C7D-8E34-4474-9997-B80D59CA611F}.AppStore|Any CPU.Build.0 = Release|Any CPU
		{6B7D3C7D-8E34-4474-9997-B80D59CA611F}.AppStore|Any CPU.Deploy.0 = Release|Any CPU
		{6B7D3C7D-8E34-4474-9997-B80D59CA611F}.AppStore|ARM.ActiveCfg = Release|Any CPU
		{6B7D3C7D-8E34-4474-9997-B80D59CA611F}.AppStore|ARM.Build.0 = Release|Any CPU
		{6B7D3C7D-8E34-4474-9997-B80D59CA611F}.AppStore|ARM.Deploy.0 = Release|Any CPU
		{6B7D3C7D-8E34-4474-9997-B80D59CA611F}.AppStore|iPhone.ActiveCfg = Release|Any CPU
		{6B7D3C7D-8E34-4474-9997-B80D59CA611F}.AppStore|iPhone.Build.0 = Release|Any CPU
		{6B7D3C7D-8E34-4474-9997-B80D59CA611F}.AppStore|iPhone.Deploy.0 = Release|Any CPU
		{6B7D3C7D-8E34-4474-9997-B80D59CA611F}.AppStore|iPhoneSimulator.ActiveCfg = Release|Any CPU
		{6B7D3C7D-8E34-4474-9997-B80D59CA611F}.AppStore|iPhoneSimulator.Build.0 = Release|Any CPU
		{6B7D3C7D-8E34-4474-9997-B80D59CA611F}.AppStore|iPhoneSimulator.Deploy.0 = Release|Any CPU
		{6B7D3C7D-8E34-4474-9997-B80D59CA611F}.AppStore|x64.ActiveCfg = Release|Any CPU
		{6B7D3C7D-8E34-4474-9997-B80D59CA611F}.AppStore|x64.Build.0 = Release|Any CPU
		{6B7D3C7D-8E34-4474-9997-B80D59CA611F}.AppStore|x64.Deploy.0 = Release|Any CPU
		{6B7D3C7D-8E34-4474-9997-B80D59CA611F}.AppStore|x86.ActiveCfg = Release|Any CPU
		{6B7D3C7D-8E34-4474-9997-B80D59CA611F}.AppStore|x86.Build.0 = Release|Any CPU
		{6B7D3C7D-8E34-4474-9997-B80D59CA611F}.AppStore|x86.Deploy.0 = Release|Any CPU
		{6B7D3C7D-8E34-4474-9997-B80D59CA611F}.Debug|Any CPU.ActiveCfg = Debug|Any CPU
		{6B7D3C7D-8E34-4474-9997-B80D59CA611F}.Debug|Any CPU.Build.0 = Debug|Any CPU
		{6B7D3C7D-8E34-4474-9997-B80D59CA611F}.Debug|Any CPU.Deploy.0 = Debug|Any CPU
		{6B7D3C7D-8E34-4474-9997-B80D59CA611F}.Debug|ARM.ActiveCfg = Debug|Any CPU
		{6B7D3C7D-8E34-4474-9997-B80D59CA611F}.Debug|ARM.Build.0 = Debug|Any CPU
		{6B7D3C7D-8E34-4474-9997-B80D59CA611F}.Debug|ARM.Deploy.0 = Debug|Any CPU
		{6B7D3C7D-8E34-4474-9997-B80D59CA611F}.Debug|iPhone.ActiveCfg = Debug|Any CPU
		{6B7D3C7D-8E34-4474-9997-B80D59CA611F}.Debug|iPhone.Build.0 = Debug|Any CPU
		{6B7D3C7D-8E34-4474-9997-B80D59CA611F}.Debug|iPhone.Deploy.0 = Debug|Any CPU
		{6B7D3C7D-8E34-4474-9997-B80D59CA611F}.Debug|iPhoneSimulator.ActiveCfg = Debug|Any CPU
		{6B7D3C7D-8E34-4474-9997-B80D59CA611F}.Debug|iPhoneSimulator.Build.0 = Debug|Any CPU
		{6B7D3C7D-8E34-4474-9997-B80D59CA611F}.Debug|iPhoneSimulator.Deploy.0 = Debug|Any CPU
		{6B7D3C7D-8E34-4474-9997-B80D59CA611F}.Debug|x64.ActiveCfg = Debug|Any CPU
		{6B7D3C7D-8E34-4474-9997-B80D59CA611F}.Debug|x64.Build.0 = Debug|Any CPU
		{6B7D3C7D-8E34-4474-9997-B80D59CA611F}.Debug|x64.Deploy.0 = Debug|Any CPU
		{6B7D3C7D-8E34-4474-9997-B80D59CA611F}.Debug|x86.ActiveCfg = Debug|Any CPU
		{6B7D3C7D-8E34-4474-9997-B80D59CA611F}.Debug|x86.Build.0 = Debug|Any CPU
		{6B7D3C7D-8E34-4474-9997-B80D59CA611F}.Debug|x86.Deploy.0 = Debug|Any CPU
		{6B7D3C7D-8E34-4474-9997-B80D59CA611F}.Release|Any CPU.ActiveCfg = Release|Any CPU
		{6B7D3C7D-8E34-4474-9997-B80D59CA611F}.Release|Any CPU.Build.0 = Release|Any CPU
		{6B7D3C7D-8E34-4474-9997-B80D59CA611F}.Release|Any CPU.Deploy.0 = Release|Any CPU
		{6B7D3C7D-8E34-4474-9997-B80D59CA611F}.Release|ARM.ActiveCfg = Release|Any CPU
		{6B7D3C7D-8E34-4474-9997-B80D59CA611F}.Release|ARM.Build.0 = Release|Any CPU
		{6B7D3C7D-8E34-4474-9997-B80D59CA611F}.Release|ARM.Deploy.0 = Release|Any CPU
		{6B7D3C7D-8E34-4474-9997-B80D59CA611F}.Release|iPhone.ActiveCfg = Release|Any CPU
		{6B7D3C7D-8E34-4474-9997-B80D59CA611F}.Release|iPhone.Build.0 = Release|Any CPU
		{6B7D3C7D-8E34-4474-9997-B80D59CA611F}.Release|iPhone.Deploy.0 = Release|Any CPU
		{6B7D3C7D-8E34-4474-9997-B80D59CA611F}.Release|iPhoneSimulator.ActiveCfg = Release|Any CPU
		{6B7D3C7D-8E34-4474-9997-B80D59CA611F}.Release|iPhoneSimulator.Build.0 = Release|Any CPU
		{6B7D3C7D-8E34-4474-9997-B80D59CA611F}.Release|iPhoneSimulator.Deploy.0 = Release|Any CPU
		{6B7D3C7D-8E34-4474-9997-B80D59CA611F}.Release|x64.ActiveCfg = Release|Any CPU
		{6B7D3C7D-8E34-4474-9997-B80D59CA611F}.Release|x64.Build.0 = Release|Any CPU
		{6B7D3C7D-8E34-4474-9997-B80D59CA611F}.Release|x64.Deploy.0 = Release|Any CPU
		{6B7D3C7D-8E34-4474-9997-B80D59CA611F}.Release|x86.ActiveCfg = Release|Any CPU
		{6B7D3C7D-8E34-4474-9997-B80D59CA611F}.Release|x86.Build.0 = Release|Any CPU
		{6B7D3C7D-8E34-4474-9997-B80D59CA611F}.Release|x86.Deploy.0 = Release|Any CPU
		{B70D61CA-B544-433C-9B2C-57D46DF1B907}.Ad-Hoc|Any CPU.ActiveCfg = Ad-Hoc|iPhone
		{B70D61CA-B544-433C-9B2C-57D46DF1B907}.Ad-Hoc|ARM.ActiveCfg = Ad-Hoc|iPhone
		{B70D61CA-B544-433C-9B2C-57D46DF1B907}.Ad-Hoc|iPhone.ActiveCfg = Ad-Hoc|iPhone
		{B70D61CA-B544-433C-9B2C-57D46DF1B907}.Ad-Hoc|iPhone.Build.0 = Ad-Hoc|iPhone
		{B70D61CA-B544-433C-9B2C-57D46DF1B907}.Ad-Hoc|iPhoneSimulator.ActiveCfg = Ad-Hoc|iPhoneSimulator
		{B70D61CA-B544-433C-9B2C-57D46DF1B907}.Ad-Hoc|iPhoneSimulator.Build.0 = Ad-Hoc|iPhoneSimulator
		{B70D61CA-B544-433C-9B2C-57D46DF1B907}.Ad-Hoc|x64.ActiveCfg = Ad-Hoc|iPhone
		{B70D61CA-B544-433C-9B2C-57D46DF1B907}.Ad-Hoc|x86.ActiveCfg = Ad-Hoc|iPhone
		{B70D61CA-B544-433C-9B2C-57D46DF1B907}.AppStore|Any CPU.ActiveCfg = AppStore|iPhone
		{B70D61CA-B544-433C-9B2C-57D46DF1B907}.AppStore|ARM.ActiveCfg = AppStore|iPhone
		{B70D61CA-B544-433C-9B2C-57D46DF1B907}.AppStore|iPhone.ActiveCfg = AppStore|iPhone
		{B70D61CA-B544-433C-9B2C-57D46DF1B907}.AppStore|iPhone.Build.0 = AppStore|iPhone
		{B70D61CA-B544-433C-9B2C-57D46DF1B907}.AppStore|iPhoneSimulator.ActiveCfg = AppStore|iPhoneSimulator
		{B70D61CA-B544-433C-9B2C-57D46DF1B907}.AppStore|iPhoneSimulator.Build.0 = AppStore|iPhoneSimulator
		{B70D61CA-B544-433C-9B2C-57D46DF1B907}.AppStore|x64.ActiveCfg = AppStore|iPhone
		{B70D61CA-B544-433C-9B2C-57D46DF1B907}.AppStore|x86.ActiveCfg = AppStore|iPhone
		{B70D61CA-B544-433C-9B2C-57D46DF1B907}.Debug|Any CPU.ActiveCfg = Debug|iPhone
		{B70D61CA-B544-433C-9B2C-57D46DF1B907}.Debug|ARM.ActiveCfg = Debug|iPhone
		{B70D61CA-B544-433C-9B2C-57D46DF1B907}.Debug|iPhone.ActiveCfg = Debug|iPhone
		{B70D61CA-B544-433C-9B2C-57D46DF1B907}.Debug|iPhone.Build.0 = Debug|iPhone
		{B70D61CA-B544-433C-9B2C-57D46DF1B907}.Debug|iPhoneSimulator.ActiveCfg = Debug|iPhoneSimulator
		{B70D61CA-B544-433C-9B2C-57D46DF1B907}.Debug|iPhoneSimulator.Build.0 = Debug|iPhoneSimulator
		{B70D61CA-B544-433C-9B2C-57D46DF1B907}.Debug|x64.ActiveCfg = Debug|iPhone
		{B70D61CA-B544-433C-9B2C-57D46DF1B907}.Debug|x86.ActiveCfg = Debug|iPhone
		{B70D61CA-B544-433C-9B2C-57D46DF1B907}.Release|Any CPU.ActiveCfg = Release|iPhone
		{B70D61CA-B544-433C-9B2C-57D46DF1B907}.Release|ARM.ActiveCfg = Release|iPhone
		{B70D61CA-B544-433C-9B2C-57D46DF1B907}.Release|iPhone.ActiveCfg = Release|iPhone
		{B70D61CA-B544-433C-9B2C-57D46DF1B907}.Release|iPhone.Build.0 = Release|iPhone
		{B70D61CA-B544-433C-9B2C-57D46DF1B907}.Release|iPhoneSimulator.ActiveCfg = Release|iPhoneSimulator
		{B70D61CA-B544-433C-9B2C-57D46DF1B907}.Release|iPhoneSimulator.Build.0 = Release|iPhoneSimulator
		{B70D61CA-B544-433C-9B2C-57D46DF1B907}.Release|x64.ActiveCfg = Release|iPhone
		{B70D61CA-B544-433C-9B2C-57D46DF1B907}.Release|x86.ActiveCfg = Release|iPhone
		{C4F49005-E2AA-4558-B29C-EBDE0316D04A}.Ad-Hoc|Any CPU.ActiveCfg = Release|x86
		{C4F49005-E2AA-4558-B29C-EBDE0316D04A}.Ad-Hoc|Any CPU.Build.0 = Release|x86
		{C4F49005-E2AA-4558-B29C-EBDE0316D04A}.Ad-Hoc|Any CPU.Deploy.0 = Release|x86
		{C4F49005-E2AA-4558-B29C-EBDE0316D04A}.Ad-Hoc|ARM.ActiveCfg = Release|ARM
		{C4F49005-E2AA-4558-B29C-EBDE0316D04A}.Ad-Hoc|ARM.Build.0 = Release|ARM
		{C4F49005-E2AA-4558-B29C-EBDE0316D04A}.Ad-Hoc|ARM.Deploy.0 = Release|ARM
		{C4F49005-E2AA-4558-B29C-EBDE0316D04A}.Ad-Hoc|iPhone.ActiveCfg = Release|x86
		{C4F49005-E2AA-4558-B29C-EBDE0316D04A}.Ad-Hoc|iPhone.Build.0 = Release|x86
		{C4F49005-E2AA-4558-B29C-EBDE0316D04A}.Ad-Hoc|iPhone.Deploy.0 = Release|x86
		{C4F49005-E2AA-4558-B29C-EBDE0316D04A}.Ad-Hoc|iPhoneSimulator.ActiveCfg = Release|x86
		{C4F49005-E2AA-4558-B29C-EBDE0316D04A}.Ad-Hoc|iPhoneSimulator.Build.0 = Release|x86
		{C4F49005-E2AA-4558-B29C-EBDE0316D04A}.Ad-Hoc|iPhoneSimulator.Deploy.0 = Release|x86
		{C4F49005-E2AA-4558-B29C-EBDE0316D04A}.Ad-Hoc|x64.ActiveCfg = Release|x64
		{C4F49005-E2AA-4558-B29C-EBDE0316D04A}.Ad-Hoc|x64.Build.0 = Release|x64
		{C4F49005-E2AA-4558-B29C-EBDE0316D04A}.Ad-Hoc|x64.Deploy.0 = Release|x64
		{C4F49005-E2AA-4558-B29C-EBDE0316D04A}.Ad-Hoc|x86.ActiveCfg = Release|x86
		{C4F49005-E2AA-4558-B29C-EBDE0316D04A}.Ad-Hoc|x86.Build.0 = Release|x86
		{C4F49005-E2AA-4558-B29C-EBDE0316D04A}.Ad-Hoc|x86.Deploy.0 = Release|x86
		{C4F49005-E2AA-4558-B29C-EBDE0316D04A}.AppStore|Any CPU.ActiveCfg = Release|x86
		{C4F49005-E2AA-4558-B29C-EBDE0316D04A}.AppStore|Any CPU.Build.0 = Release|x86
		{C4F49005-E2AA-4558-B29C-EBDE0316D04A}.AppStore|Any CPU.Deploy.0 = Release|x86
		{C4F49005-E2AA-4558-B29C-EBDE0316D04A}.AppStore|ARM.ActiveCfg = Release|ARM
		{C4F49005-E2AA-4558-B29C-EBDE0316D04A}.AppStore|ARM.Build.0 = Release|ARM
		{C4F49005-E2AA-4558-B29C-EBDE0316D04A}.AppStore|ARM.Deploy.0 = Release|ARM
		{C4F49005-E2AA-4558-B29C-EBDE0316D04A}.AppStore|iPhone.ActiveCfg = Release|x86
		{C4F49005-E2AA-4558-B29C-EBDE0316D04A}.AppStore|iPhone.Build.0 = Release|x86
		{C4F49005-E2AA-4558-B29C-EBDE0316D04A}.AppStore|iPhone.Deploy.0 = Release|x86
		{C4F49005-E2AA-4558-B29C-EBDE0316D04A}.AppStore|iPhoneSimulator.ActiveCfg = Release|x86
		{C4F49005-E2AA-4558-B29C-EBDE0316D04A}.AppStore|iPhoneSimulator.Build.0 = Release|x86
		{C4F49005-E2AA-4558-B29C-EBDE0316D04A}.AppStore|iPhoneSimulator.Deploy.0 = Release|x86
		{C4F49005-E2AA-4558-B29C-EBDE0316D04A}.AppStore|x64.ActiveCfg = Release|x64
		{C4F49005-E2AA-4558-B29C-EBDE0316D04A}.AppStore|x64.Build.0 = Release|x64
		{C4F49005-E2AA-4558-B29C-EBDE0316D04A}.AppStore|x64.Deploy.0 = Release|x64
		{C4F49005-E2AA-4558-B29C-EBDE0316D04A}.AppStore|x86.ActiveCfg = Release|x86
		{C4F49005-E2AA-4558-B29C-EBDE0316D04A}.AppStore|x86.Build.0 = Release|x86
		{C4F49005-E2AA-4558-B29C-EBDE0316D04A}.AppStore|x86.Deploy.0 = Release|x86
		{C4F49005-E2AA-4558-B29C-EBDE0316D04A}.Debug|Any CPU.ActiveCfg = Debug|x86
		{C4F49005-E2AA-4558-B29C-EBDE0316D04A}.Debug|ARM.ActiveCfg = Debug|ARM
		{C4F49005-E2AA-4558-B29C-EBDE0316D04A}.Debug|ARM.Build.0 = Debug|ARM
		{C4F49005-E2AA-4558-B29C-EBDE0316D04A}.Debug|ARM.Deploy.0 = Debug|ARM
		{C4F49005-E2AA-4558-B29C-EBDE0316D04A}.Debug|iPhone.ActiveCfg = Debug|x86
		{C4F49005-E2AA-4558-B29C-EBDE0316D04A}.Debug|iPhoneSimulator.ActiveCfg = Debug|x86
		{C4F49005-E2AA-4558-B29C-EBDE0316D04A}.Debug|x64.ActiveCfg = Debug|x64
		{C4F49005-E2AA-4558-B29C-EBDE0316D04A}.Debug|x64.Build.0 = Debug|x64
		{C4F49005-E2AA-4558-B29C-EBDE0316D04A}.Debug|x64.Deploy.0 = Debug|x64
		{C4F49005-E2AA-4558-B29C-EBDE0316D04A}.Debug|x86.ActiveCfg = Debug|x86
		{C4F49005-E2AA-4558-B29C-EBDE0316D04A}.Debug|x86.Build.0 = Debug|x86
		{C4F49005-E2AA-4558-B29C-EBDE0316D04A}.Debug|x86.Deploy.0 = Debug|x86
		{C4F49005-E2AA-4558-B29C-EBDE0316D04A}.Release|Any CPU.ActiveCfg = Release|x86
		{C4F49005-E2AA-4558-B29C-EBDE0316D04A}.Release|ARM.ActiveCfg = Release|ARM
		{C4F49005-E2AA-4558-B29C-EBDE0316D04A}.Release|ARM.Build.0 = Release|ARM
		{C4F49005-E2AA-4558-B29C-EBDE0316D04A}.Release|ARM.Deploy.0 = Release|ARM
		{C4F49005-E2AA-4558-B29C-EBDE0316D04A}.Release|iPhone.ActiveCfg = Release|x86
		{C4F49005-E2AA-4558-B29C-EBDE0316D04A}.Release|iPhoneSimulator.ActiveCfg = Release|x86
		{C4F49005-E2AA-4558-B29C-EBDE0316D04A}.Release|x64.ActiveCfg = Release|x64
		{C4F49005-E2AA-4558-B29C-EBDE0316D04A}.Release|x64.Build.0 = Release|x64
		{C4F49005-E2AA-4558-B29C-EBDE0316D04A}.Release|x64.Deploy.0 = Release|x64
		{C4F49005-E2AA-4558-B29C-EBDE0316D04A}.Release|x86.ActiveCfg = Release|x86
		{C4F49005-E2AA-4558-B29C-EBDE0316D04A}.Release|x86.Build.0 = Release|x86
		{C4F49005-E2AA-4558-B29C-EBDE0316D04A}.Release|x86.Deploy.0 = Release|x86
		{6C8D462C-FA78-40E0-A5EB-4D4D6F625163}.Ad-Hoc|Any CPU.ActiveCfg = Debug|Any CPU
		{6C8D462C-FA78-40E0-A5EB-4D4D6F625163}.Ad-Hoc|Any CPU.Build.0 = Debug|Any CPU
		{6C8D462C-FA78-40E0-A5EB-4D4D6F625163}.Ad-Hoc|ARM.ActiveCfg = Debug|Any CPU
		{6C8D462C-FA78-40E0-A5EB-4D4D6F625163}.Ad-Hoc|ARM.Build.0 = Debug|Any CPU
		{6C8D462C-FA78-40E0-A5EB-4D4D6F625163}.Ad-Hoc|iPhone.ActiveCfg = Debug|Any CPU
		{6C8D462C-FA78-40E0-A5EB-4D4D6F625163}.Ad-Hoc|iPhone.Build.0 = Debug|Any CPU
		{6C8D462C-FA78-40E0-A5EB-4D4D6F625163}.Ad-Hoc|iPhoneSimulator.ActiveCfg = Debug|Any CPU
		{6C8D462C-FA78-40E0-A5EB-4D4D6F625163}.Ad-Hoc|iPhoneSimulator.Build.0 = Debug|Any CPU
		{6C8D462C-FA78-40E0-A5EB-4D4D6F625163}.Ad-Hoc|x64.ActiveCfg = Debug|Any CPU
		{6C8D462C-FA78-40E0-A5EB-4D4D6F625163}.Ad-Hoc|x64.Build.0 = Debug|Any CPU
		{6C8D462C-FA78-40E0-A5EB-4D4D6F625163}.Ad-Hoc|x86.ActiveCfg = Debug|Any CPU
		{6C8D462C-FA78-40E0-A5EB-4D4D6F625163}.Ad-Hoc|x86.Build.0 = Debug|Any CPU
		{6C8D462C-FA78-40E0-A5EB-4D4D6F625163}.AppStore|Any CPU.ActiveCfg = Debug|Any CPU
		{6C8D462C-FA78-40E0-A5EB-4D4D6F625163}.AppStore|Any CPU.Build.0 = Debug|Any CPU
		{6C8D462C-FA78-40E0-A5EB-4D4D6F625163}.AppStore|ARM.ActiveCfg = Debug|Any CPU
		{6C8D462C-FA78-40E0-A5EB-4D4D6F625163}.AppStore|ARM.Build.0 = Debug|Any CPU
		{6C8D462C-FA78-40E0-A5EB-4D4D6F625163}.AppStore|iPhone.ActiveCfg = Debug|Any CPU
		{6C8D462C-FA78-40E0-A5EB-4D4D6F625163}.AppStore|iPhone.Build.0 = Debug|Any CPU
		{6C8D462C-FA78-40E0-A5EB-4D4D6F625163}.AppStore|iPhoneSimulator.ActiveCfg = Debug|Any CPU
		{6C8D462C-FA78-40E0-A5EB-4D4D6F625163}.AppStore|iPhoneSimulator.Build.0 = Debug|Any CPU
		{6C8D462C-FA78-40E0-A5EB-4D4D6F625163}.AppStore|x64.ActiveCfg = Debug|Any CPU
		{6C8D462C-FA78-40E0-A5EB-4D4D6F625163}.AppStore|x64.Build.0 = Debug|Any CPU
		{6C8D462C-FA78-40E0-A5EB-4D4D6F625163}.AppStore|x86.ActiveCfg = Debug|Any CPU
		{6C8D462C-FA78-40E0-A5EB-4D4D6F625163}.AppStore|x86.Build.0 = Debug|Any CPU
		{6C8D462C-FA78-40E0-A5EB-4D4D6F625163}.Debug|Any CPU.ActiveCfg = Debug|Any CPU
		{6C8D462C-FA78-40E0-A5EB-4D4D6F625163}.Debug|Any CPU.Build.0 = Debug|Any CPU
		{6C8D462C-FA78-40E0-A5EB-4D4D6F625163}.Debug|ARM.ActiveCfg = Debug|Any CPU
		{6C8D462C-FA78-40E0-A5EB-4D4D6F625163}.Debug|ARM.Build.0 = Debug|Any CPU
		{6C8D462C-FA78-40E0-A5EB-4D4D6F625163}.Debug|iPhone.ActiveCfg = Debug|Any CPU
		{6C8D462C-FA78-40E0-A5EB-4D4D6F625163}.Debug|iPhone.Build.0 = Debug|Any CPU
		{6C8D462C-FA78-40E0-A5EB-4D4D6F625163}.Debug|iPhoneSimulator.ActiveCfg = Debug|Any CPU
		{6C8D462C-FA78-40E0-A5EB-4D4D6F625163}.Debug|iPhoneSimulator.Build.0 = Debug|Any CPU
		{6C8D462C-FA78-40E0-A5EB-4D4D6F625163}.Debug|x64.ActiveCfg = Debug|Any CPU
		{6C8D462C-FA78-40E0-A5EB-4D4D6F625163}.Debug|x64.Build.0 = Debug|Any CPU
		{6C8D462C-FA78-40E0-A5EB-4D4D6F625163}.Debug|x86.ActiveCfg = Debug|Any CPU
		{6C8D462C-FA78-40E0-A5EB-4D4D6F625163}.Debug|x86.Build.0 = Debug|Any CPU
		{6C8D462C-FA78-40E0-A5EB-4D4D6F625163}.Release|Any CPU.ActiveCfg = Release|Any CPU
		{6C8D462C-FA78-40E0-A5EB-4D4D6F625163}.Release|Any CPU.Build.0 = Release|Any CPU
		{6C8D462C-FA78-40E0-A5EB-4D4D6F625163}.Release|ARM.ActiveCfg = Release|Any CPU
		{6C8D462C-FA78-40E0-A5EB-4D4D6F625163}.Release|ARM.Build.0 = Release|Any CPU
		{6C8D462C-FA78-40E0-A5EB-4D4D6F625163}.Release|iPhone.ActiveCfg = Release|Any CPU
		{6C8D462C-FA78-40E0-A5EB-4D4D6F625163}.Release|iPhone.Build.0 = Release|Any CPU
		{6C8D462C-FA78-40E0-A5EB-4D4D6F625163}.Release|iPhoneSimulator.ActiveCfg = Release|Any CPU
		{6C8D462C-FA78-40E0-A5EB-4D4D6F625163}.Release|iPhoneSimulator.Build.0 = Release|Any CPU
		{6C8D462C-FA78-40E0-A5EB-4D4D6F625163}.Release|x64.ActiveCfg = Release|Any CPU
		{6C8D462C-FA78-40E0-A5EB-4D4D6F625163}.Release|x64.Build.0 = Release|Any CPU
		{6C8D462C-FA78-40E0-A5EB-4D4D6F625163}.Release|x86.ActiveCfg = Release|Any CPU
		{6C8D462C-FA78-40E0-A5EB-4D4D6F625163}.Release|x86.Build.0 = Release|Any CPU
	EndGlobalSection
	GlobalSection(SolutionProperties) = preSolution
		HideSolutionNode = FALSE
	EndGlobalSection
	GlobalSection(ExtensibilityGlobals) = postSolution
		SolutionGuid = {4877D6F1-3201-4E90-ACDF-E6F9614C5182}
	EndGlobalSection
EndGlobal
